
Microsoft Visual Studio Solution File, Format Version 12.00
# Visual Studio Version 17
VisualStudioVersion = 17.9.34714.143
MinimumVisualStudioVersion = 10.0.40219.1
Project("{FAE04EC0-301F-11D3-BF4B-00C04F79EFBC}") = "WarehouseController", "WarehouseController\WarehouseController.csproj", "{EE000C75-5D04-427F-9963-AFF25A102D8D}"
EndProject
Global
	GlobalSection(SolutionConfigurationPlatforms) = preSolution
		Debug|Any CPU = Debug|Any CPU
		Release|Any CPU = Release|Any CPU
	EndGlobalSection
	GlobalSection(ProjectConfigurationPlatforms) = postSolution
		{EE000C75-5D04-427F-9963-AFF25A102D8D}.Debug|Any CPU.ActiveCfg = Debug|Any CPU
		{EE000C75-5D04-427F-9963-AFF25A102D8D}.Debug|Any CPU.Build.0 = Debug|Any CPU
		{EE000C75-5D04-427F-9963-AFF25A102D8D}.Release|Any CPU.ActiveCfg = Release|Any CPU
		{EE000C75-5D04-427F-9963-AFF25A102D8D}.Release|Any CPU.Build.0 = Release|Any CPU
	EndGlobalSection
	GlobalSection(SolutionProperties) = preSolution
		HideSolutionNode = FALSE
	EndGlobalSection
	GlobalSection(ExtensibilityGlobals) = postSolution
		SolutionGuid = {907D0DAA-1DCF-4004-B134-C0197A811791}
	EndGlobalSection
EndGlobal
